
Microsoft Visual Studio Solution File, Format Version 12.00
# Visual Studio 15
VisualStudioVersion = 15.0.27130.2027
MinimumVisualStudioVersion = 10.0.40219.1
Project("{FAE04EC0-301F-11D3-BF4B-00C04F79EFBC}") = "File_explorer", "File_explorer\File_explorer.csproj", "{F5B2AA34-E871-40F9-B7B7-0F05828EFC83}"
EndProject
Global
	GlobalSection(SolutionConfigurationPlatforms) = preSolution
		Debug|Any CPU = Debug|Any CPU
		Release|Any CPU = Release|Any CPU
	EndGlobalSection
	GlobalSection(ProjectConfigurationPlatforms) = postSolution
		{F5B2AA34-E871-40F9-B7B7-0F05828EFC83}.Debug|Any CPU.ActiveCfg = Debug|Any CPU
		{F5B2AA34-E871-40F9-B7B7-0F05828EFC83}.Debug|Any CPU.Build.0 = Debug|Any CPU
		{F5B2AA34-E871-40F9-B7B7-0F05828EFC83}.Release|Any CPU.ActiveCfg = Release|Any CPU
		{F5B2AA34-E871-40F9-B7B7-0F05828EFC83}.Release|Any CPU.Build.0 = Release|Any CPU
	EndGlobalSection
	GlobalSection(SolutionProperties) = preSolution
		HideSolutionNode = FALSE
	EndGlobalSection
	GlobalSection(ExtensibilityGlobals) = postSolution
		SolutionGuid = {032A0583-79F2-4DAF-B4FC-C36060857C67}
	EndGlobalSection
EndGlobal
